{
	"name": "vscode-nbt",
	"version": "0.0.11",
	"lockfileVersion": 1,
	"requires": true,
	"dependencies": {
		"@types/adm-zip": {
			"version": "0.4.33",
			"resolved": "https://registry.npmjs.org/@types/adm-zip/-/adm-zip-0.4.33.tgz",
			"integrity": "sha512-WM0DCWFLjXtddl0fu0+iN2ZF+qz8RF9RddG5OSy/S90AQz01Fu8lHn/3oTIZDxvG8gVcnBLAHMHOdBLbV6m6Mw==",
			"dev": true,
			"requires": {
				"@types/node": "*"
			}
		},
		"@types/node": {
			"version": "12.12.27",
			"resolved": "https://registry.npmjs.org/@types/node/-/node-12.12.27.tgz",
			"integrity": "sha512-odQFl/+B9idbdS0e8IxDl2ia/LP8KZLXhV3BUeI98TrZp0uoIzQPhGd+5EtzHmT0SMOIaPd7jfz6pOHLWTtl7A==",
			"dev": true
		},
		"@types/node-fetch": {
			"version": "2.5.7",
			"resolved": "https://registry.npmjs.org/@types/node-fetch/-/node-fetch-2.5.7.tgz",
			"integrity": "sha512-o2WVNf5UhWRkxlf6eq+jMZDu7kjgpgJfl4xVNlvryc95O/6F2ld8ztKX+qu+Rjyet93WAWm5LjeX9H5FGkODvw==",
			"dev": true,
			"requires": {
				"@types/node": "*",
				"form-data": "^3.0.0"
			}
		},
		"@types/pngjs": {
			"version": "3.4.2",
			"resolved": "https://registry.npmjs.org/@types/pngjs/-/pngjs-3.4.2.tgz",
			"integrity": "sha512-LJVPDraJ5YFEnMHnzxTN4psdWz1M61MtaAAWPn3qnDk5fvs7BAmmQ9pd3KPlrdrvozMyne4ktanD4pg0L7x1Pw==",
			"dev": true,
			"requires": {
				"@types/node": "*"
			}
		},
		"@types/vscode": {
			"version": "1.48.0",
			"resolved": "https://registry.npmjs.org/@types/vscode/-/vscode-1.48.0.tgz",
			"integrity": "sha512-sZJKzsJz1gSoFXcOJWw3fnKl2sseUgZmvB4AJZS+Fea+bC/jfGPVhmFL/FfQHld/TKtukVONsmoD3Pkyx9iadg==",
			"dev": true
		},
		"@webmc/nbt": {
			"version": "0.1.1",
			"resolved": "https://registry.npmjs.org/@webmc/nbt/-/nbt-0.1.1.tgz",
			"integrity": "sha512-MqI0vgdRhCTJ84TcDDYLzo3GrUoUY3r/8feARBlGkqgWxk50pXB60yx3kwmxDxKrGxNwDBq3rYj1b7adHSD/1w==",
			"requires": {
				"pako": "^2.0.3"
			}
		},
		"adm-zip": {
			"version": "0.5.1",
			"resolved": "https://registry.npmjs.org/adm-zip/-/adm-zip-0.5.1.tgz",
			"integrity": "sha512-a5ABmIFUJ9OxHV5zrXM9Q41JzpRIflFtdgpL4UQM9DsTHHxQzPRaeyAdnMW7kxL0NRWm/NHafJdj6pO+ty7L2g==",
			"dev": true
		},
		"arg": {
			"version": "4.1.3",
			"resolved": "https://registry.npmjs.org/arg/-/arg-4.1.3.tgz",
			"integrity": "sha512-58S9QDqG0Xx27YwPSt9fJxivjYl432YCwfDMfZ+71RAqUrZef7LrKQZ3LHLOwCS4FLNBplP533Zx895SeOCHvA==",
			"dev": true
		},
		"asynckit": {
			"version": "0.4.0",
			"resolved": "https://registry.npmjs.org/asynckit/-/asynckit-0.4.0.tgz",
			"integrity": "sha1-x57Zf380y48robyXkLzDZkdLS3k=",
			"dev": true
		},
		"buffer-from": {
			"version": "1.1.1",
			"resolved": "https://registry.npmjs.org/buffer-from/-/buffer-from-1.1.1.tgz",
			"integrity": "sha512-MQcXEUbCKtEo7bhqEs6560Hyd4XaovZlO/k9V3hjVUF/zwW7KBVdSK4gIt/bzwS9MbR5qob+F5jusZsb0YQK2A==",
			"dev": true
		},
		"combined-stream": {
			"version": "1.0.8",
			"resolved": "https://registry.npmjs.org/combined-stream/-/combined-stream-1.0.8.tgz",
			"integrity": "sha512-FQN4MRfuJeHf7cBbBMJFXhKSDq+2kAArBlmRBvcvFE5BB1HZKXtSFASDhdlz9zOYwxh8lDdnvmMOe/+5cdoEdg==",
			"dev": true,
			"requires": {
				"delayed-stream": "~1.0.0"
			}
		},
		"create-require": {
			"version": "1.1.1",
			"resolved": "https://registry.npmjs.org/create-require/-/create-require-1.1.1.tgz",
			"integrity": "sha512-dcKFX3jn0MpIaXjisoRvexIJVEKzaq7z2rZKxf+MSr9TkdmHmsU4m2lcLojrj/FHl8mk5VxMmYA+ftRkP/3oKQ==",
			"dev": true
		},
		"delayed-stream": {
			"version": "1.0.0",
			"resolved": "https://registry.npmjs.org/delayed-stream/-/delayed-stream-1.0.0.tgz",
			"integrity": "sha1-3zrhmayt+31ECqrgsp4icrJOxhk=",
			"dev": true
		},
		"diff": {
			"version": "4.0.2",
			"resolved": "https://registry.npmjs.org/diff/-/diff-4.0.2.tgz",
			"integrity": "sha512-58lmxKSA4BNyLz+HHMUzlOEpg09FV+ev6ZMe3vJihgdxzgcwZ8VoEEPmALCZG9LmqfVoNMMKpttIYTVG6uDY7A==",
			"dev": true
		},
		"form-data": {
			"version": "3.0.0",
			"resolved": "https://registry.npmjs.org/form-data/-/form-data-3.0.0.tgz",
			"integrity": "sha512-CKMFDglpbMi6PyN+brwB9Q/GOw0eAnsrEZDgcsH5Krhz5Od/haKHAX0NmQfha2zPPz0JpWzA7GJHGSnvCRLWsg==",
			"dev": true,
			"requires": {
				"asynckit": "^0.4.0",
				"combined-stream": "^1.0.8",
				"mime-types": "^2.1.12"
			}
		},
		"make-error": {
			"version": "1.3.6",
			"resolved": "https://registry.npmjs.org/make-error/-/make-error-1.3.6.tgz",
			"integrity": "sha512-s8UhlNe7vPKomQhC1qFelMokr/Sc3AgNbso3n74mVPA5LTZwkB9NlXf4XPamLxJE8h0gh73rM94xvwRT2CVInw==",
			"dev": true
		},
		"mime-db": {
			"version": "1.45.0",
			"resolved": "https://registry.npmjs.org/mime-db/-/mime-db-1.45.0.tgz",
			"integrity": "sha512-CkqLUxUk15hofLoLyljJSrukZi8mAtgd+yE5uO4tqRZsdsAJKv0O+rFMhVDRJgozy+yG6md5KwuXhD4ocIoP+w==",
			"dev": true
		},
		"mime-types": {
			"version": "2.1.28",
			"resolved": "https://registry.npmjs.org/mime-types/-/mime-types-2.1.28.tgz",
			"integrity": "sha512-0TO2yJ5YHYr7M2zzT7gDU1tbwHxEUWBCLt0lscSNpcdAfFyJOVEpRYNS7EXVcTLNj/25QO8gulHC5JtTzSE2UQ==",
			"dev": true,
			"requires": {
				"mime-db": "1.45.0"
			}
		},
		"node-fetch": {
			"version": "2.6.1",
			"resolved": "https://registry.npmjs.org/node-fetch/-/node-fetch-2.6.1.tgz",
			"integrity": "sha512-V4aYg89jEoVRxRb2fJdAg8FHvI7cEyYdVAh94HH0UIK8oJxUfkjlDQN9RbMx+bEjP7+ggMiFRprSti032Oipxw==",
			"dev": true
		},
		"pako": {
			"version": "2.0.3",
			"resolved": "https://registry.npmjs.org/pako/-/pako-2.0.3.tgz",
			"integrity": "sha512-WjR1hOeg+kki3ZIOjaf4b5WVcay1jaliKSYiEaB1XzwhMQZJxRdQRv0V31EKBYlxb4T7SK3hjfc/jxyU64BoSw=="
		},
		"pngjs": {
			"version": "6.0.0",
			"resolved": "https://registry.npmjs.org/pngjs/-/pngjs-6.0.0.tgz",
			"integrity": "sha512-TRzzuFRRmEoSW/p1KVAmiOgPco2Irlah+bGFCeNfJXxxYGwSw7YwAOAcd7X28K/m5bjBWKsC29KyoMfHbypayg==",
			"dev": true
		},
		"source-map": {
			"version": "0.6.1",
			"resolved": "https://registry.npmjs.org/source-map/-/source-map-0.6.1.tgz",
			"integrity": "sha512-UjgapumWlbMhkBgzT7Ykc5YXUT46F0iKu8SGXq0bcwP5dz/h0Plj6enJqjz1Zbq2l5WaqYnrVbwWOWMyF3F47g==",
			"dev": true
		},
		"source-map-support": {
			"version": "0.5.19",
			"resolved": "https://registry.npmjs.org/source-map-support/-/source-map-support-0.5.19.tgz",
			"integrity": "sha512-Wonm7zOCIJzBGQdB+thsPar0kYuCIzYvxZwlBa87yi/Mdjv7Tip2cyVbLj5o0cFPN4EVkuTwb3GDDyUx2DGnGw==",
			"dev": true,
			"requires": {
				"buffer-from": "^1.0.0",
				"source-map": "^0.6.0"
			}
		},
		"ts-node": {
			"version": "9.1.1",
			"resolved": "https://registry.npmjs.org/ts-node/-/ts-node-9.1.1.tgz",
			"integrity": "sha512-hPlt7ZACERQGf03M253ytLY3dHbGNGrAq9qIHWUY9XHYl1z7wYngSr3OQ5xmui8o2AaxsONxIzjafLUiWBo1Fg==",
			"dev": true,
			"requires": {
				"arg": "^4.1.0",
				"create-require": "^1.1.0",
				"diff": "^4.0.1",
				"make-error": "^1.1.1",
				"source-map-support": "^0.5.17",
				"yn": "3.1.1"
			}
		},
		"typescript": {
			"version": "3.9.7",
			"resolved": "https://registry.npmjs.org/typescript/-/typescript-3.9.7.tgz",
			"integrity": "sha512-BLbiRkiBzAwsjut4x/dsibSTB6yWpwT5qWmC2OfuCg3GgVQCSgMs4vEctYPhsaGtd0AeuuHMkjZ2h2WG8MSzRw==",
			"dev": true
		},
		"yn": {
			"version": "3.1.1",
			"resolved": "https://registry.npmjs.org/yn/-/yn-3.1.1.tgz",
			"integrity": "sha512-Ux4ygGWsu2c7isFWe8Yu1YluJmqVhxqK2cLXNQA5AcC3QfbGNpM7fu0Y8b/z16pXLnFxZYvWhd3fhBY9DLmC6Q==",
			"dev": true
		}
	}
}
